#MicroXplorer Configuration settings - do not modify
Mcu.Family=STM32F1
ProjectManager.MainLocation=Core/Src
RCC.MCOFreq_Value=24000000
ProjectManager.ProjectFileName=Comparator_STM32F103.ioc
ADC1.Rank-0\#ChannelRegularConversion=1
ProjectManager.KeepUserCode=true
Mcu.PinsNb=6
Mcu.UserName=STM32F103C8Tx
ADC1.ContinuousConvMode=ENABLE
ProjectManager.NoMain=false
ADC2.Channel-0\#ChannelRegularConversion=ADC_CHANNEL_6
SH.ADCx_IN6.0=ADC2_IN6,IN6
ADC1.IPParameters=Rank-0\#ChannelRegularConversion,Channel-0\#ChannelRegularConversion,SamplingTime-0\#ChannelRegularConversion,NbrOfConversionFlag,master,ContinuousConvMode
RCC.PLLCLKFreq_Value=24000000
ProjectManager.functionlistsort=2-SystemClock_Config-RCC-false-HAL-false
RCC.ADCFreqValue=12000000
ProjectManager.DefaultFWLocation=true
ProjectManager.DeletePrevious=true
VP_SYS_VS_ND.Mode=No_Debug
PinOutPanel.RotationAngle=0
RCC.FamilyName=M
RCC.SYSCLKSource=RCC_SYSCLKSOURCE_PLLCLK
ProjectManager.StackSize=0x400
Mcu.IP4=SYS
RCC.FCLKCortexFreq_Value=24000000
NVIC.SVCall_IRQn=true\:0\:0\:false\:false\:true\:false\:false
Mcu.IP2=NVIC
Mcu.IP3=RCC
Mcu.IP0=ADC1
Mcu.IP1=ADC2
Mcu.UserConstants=
ADC2.ContinuousConvMode=ENABLE
ProjectManager.TargetToolchain=STM32CubeIDE
Mcu.ThirdPartyNb=0
RCC.HCLKFreq_Value=24000000
ADC2.IPParameters=Rank-0\#ChannelRegularConversion,Channel-0\#ChannelRegularConversion,SamplingTime-0\#ChannelRegularConversion,NbrOfConversionFlag,ContinuousConvMode
Mcu.IPNb=5
ProjectManager.PreviousToolchain=
RCC.APB2TimFreq_Value=24000000
PB9.Locked=true
ProjectManager.RegisterCallBack=
RCC.USBFreq_Value=24000000
RCC.AHBFreq_Value=24000000
Mcu.Pin0=PA4
Mcu.Pin1=PA6
Mcu.Pin2=PB8
Mcu.Pin3=PB9
Mcu.Pin4=VP_SYS_VS_ND
Mcu.Pin5=VP_SYS_VS_Systick
ADC1.Channel-0\#ChannelRegularConversion=ADC_CHANNEL_4
ProjectManager.ProjectBuild=false
NVIC.UsageFault_IRQn=true\:0\:0\:false\:false\:true\:false\:false
NVIC.DebugMonitor_IRQn=true\:0\:0\:false\:false\:true\:false\:false
board=custom
PA4.Locked=true
NVIC.SysTick_IRQn=true\:0\:0\:false\:false\:true\:false\:true
ProjectManager.LastFirmware=true
RCC.PLLMUL=RCC_PLL_MUL6
ProjectManager.FirmwarePackage=STM32Cube FW_F1 V1.8.3
MxDb.Version=DB.6.0.21
RCC.APB2Freq_Value=24000000
ProjectManager.BackupPrevious=false
MxCube.Version=6.2.1
File.Version=6
VP_SYS_VS_Systick.Mode=SysTick
VP_SYS_VS_ND.Signal=SYS_VS_ND
SH.ADCx_IN4.0=ADC1_IN4,IN4
PB8.Locked=true
NVIC.NonMaskableInt_IRQn=true\:0\:0\:false\:false\:true\:false\:false
SH.ADCx_IN4.ConfNb=1
NVIC.PendSV_IRQn=true\:0\:0\:false\:false\:true\:false\:false
SH.ADCx_IN6.ConfNb=1
ProjectManager.FreePins=false
RCC.IPParameters=ADCFreqValue,AHBFreq_Value,APB1Freq_Value,APB1TimFreq_Value,APB2Freq_Value,APB2TimFreq_Value,FCLKCortexFreq_Value,FamilyName,HCLKFreq_Value,MCOFreq_Value,PLLCLKFreq_Value,PLLMCOFreq_Value,PLLMUL,SYSCLKFreq_VALUE,SYSCLKSource,TimSysFreq_Value,USBFreq_Value
ProjectManager.AskForMigrate=true
Mcu.Name=STM32F103C(8-B)Tx
ProjectManager.HalAssertFull=false
ADC1.SamplingTime-0\#ChannelRegularConversion=ADC_SAMPLETIME_1CYCLE_5
ProjectManager.ProjectName=Comparator_STM32F103
ProjectManager.UnderRoot=true
RCC.PLLMCOFreq_Value=12000000
ProjectManager.CoupleFile=false
PA4.Signal=ADCx_IN4
RCC.SYSCLKFreq_VALUE=24000000
Mcu.Package=LQFP48
PB9.Signal=GPIO_Output
PA6.Signal=ADCx_IN6
RCC.TimSysFreq_Value=24000000
ADC1.master=1
ADC2.NbrOfConversionFlag=1
NVIC.ForceEnableDMAVector=true
KeepUserPlacement=false
NVIC.MemoryManagement_IRQn=true\:0\:0\:false\:false\:true\:false\:false
ProjectManager.CompilerOptimize=6
ProjectManager.ToolChainLocation=
VP_SYS_VS_Systick.Signal=SYS_VS_Systick
ProjectManager.HeapSize=0x200
NVIC.HardFault_IRQn=true\:0\:0\:false\:false\:true\:false\:false
ADC2.SamplingTime-0\#ChannelRegularConversion=ADC_SAMPLETIME_1CYCLE_5
ProjectManager.ComputerToolchain=false
NVIC.PriorityGroup=NVIC_PRIORITYGROUP_4
ADC1.NbrOfConversionFlag=1
RCC.APB1TimFreq_Value=24000000
PB8.Signal=GPIO_Output
NVIC.BusFault_IRQn=true\:0\:0\:false\:false\:true\:false\:false
ADC2.Rank-0\#ChannelRegularConversion=1
RCC.APB1Freq_Value=24000000
ProjectManager.CustomerFirmwarePackage=
ProjectManager.DeviceId=STM32F103C8Tx
ProjectManager.LibraryCopy=1
PA6.Locked=true
isbadioc=false
